{
  "name": "deck-plus",
  "version": "0.2.1",
  "lockfileVersion": 1,
  "requires": true,
  "dependencies": {
    "@babel/runtime": {
      "version": "7.5.5",
      "resolved": "https://registry.npmjs.org/@babel/runtime/-/runtime-7.5.5.tgz",
      "integrity": "sha512-28QvEGyQyNkB0/m2B4FU7IEZGK2NUrcMtT6BZEFALTguLk+AUT6ofsHtPk5QyjAdUkpMJ+/Em+quwz4HOt30AQ==",
      "requires": {
        "regenerator-runtime": "^0.13.2"
      }
    },
    "@deck.gl/core": {
      "version": "6.4.10",
      "resolved": "https://registry.npmjs.org/@deck.gl/core/-/core-6.4.10.tgz",
      "integrity": "sha512-L5wlBIbYHeGZYekiI44KltjNapNcGdmteUQ8w0kIQpmJHX4g7EqUlCVAm/1PfXuT6nfD0Fd23HPb9c/Sz9hXUw==",
      "requires": {
        "gl-matrix": "^3.0.0",
        "luma.gl": "^6.4.2",
        "math.gl": "^2.3.0",
        "mjolnir.js": "^2.0.3",
        "probe.gl": "^2.0.1",
        "seer": "^0.2.4",
        "viewport-mercator-project": "^6.1.0"
      }
    },
    "@deck.gl/layers": {
      "version": "6.4.10",
      "resolved": "https://registry.npmjs.org/@deck.gl/layers/-/layers-6.4.10.tgz",
      "integrity": "sha512-efFNNTl1CGWXj5eh3O4rHqNIxqJy6ciHolQLNzzvy4fPuNwLtbg7q662+w8++PtJCOPk2EiX7omQZFXF7STmnQ==",
      "requires": {
        "@deck.gl/core": "^6.4.10",
        "@mapbox/tiny-sdf": "^1.1.0",
        "d3-hexbin": "^0.2.1",
        "earcut": "^2.0.6"
      }
    },
    "@deck.gl/react": {
      "version": "6.4.10",
      "resolved": "https://registry.npmjs.org/@deck.gl/react/-/react-6.4.10.tgz",
      "integrity": "sha512-iPyUna/qnG/QIoTT28gclHIMSOElBHCjvpK+yilUuuJwU68RnmuWcol/9GR645XvEAaeqyk48DLdPIuLnne9VQ==",
      "requires": {
        "@deck.gl/core": "^6.4.10",
        "prop-types": "^15.6.0"
      }
    },
    "@luma.gl/constants": {
      "version": "7.2.0",
      "resolved": "https://registry.npmjs.org/@luma.gl/constants/-/constants-7.2.0.tgz",
      "integrity": "sha512-VQFdTM3N8pxFLfjpLq5vO3CBVcbvyRKseTZ8zmkMFL3uCYrorE9v32vDHW+3hABaYaQc/Xw4J1mOrtyfzKtv3w=="
    },
    "@mapbox/tiny-sdf": {
      "version": "1.1.1",
      "resolved": "https://registry.npmjs.org/@mapbox/tiny-sdf/-/tiny-sdf-1.1.1.tgz",
      "integrity": "sha512-Ihn1nZcGIswJ5XGbgFAvVumOgWpvIjBX9jiRlIl46uQG9vJOF51ViBYHF95rEZupuyQbEmhLaDPLQlU7fUTsBg=="
    },
    "d3-hexbin": {
      "version": "0.2.2",
      "resolved": "https://registry.npmjs.org/d3-hexbin/-/d3-hexbin-0.2.2.tgz",
      "integrity": "sha1-nFg32s/UcasFM3qeke8Qv8T5iDE="
    },
    "deck.gl": {
      "version": "6.4.10",
      "resolved": "https://registry.npmjs.org/deck.gl/-/deck.gl-6.4.10.tgz",
      "integrity": "sha512-0HXPospqYt//H4OsOdp4acqMQyeESnAGs/93xSnbFOBJBGOJ9uH1dVlNxn2Vctqslv5WBvkKYRaoPx6ve3AjGA==",
      "requires": {
        "@deck.gl/core": "^6.4.10",
        "@deck.gl/layers": "^6.4.10",
        "@deck.gl/react": "^6.4.10"
      }
    },
    "earcut": {
      "version": "2.1.5",
      "resolved": "https://registry.npmjs.org/earcut/-/earcut-2.1.5.tgz",
      "integrity": "sha512-QFWC7ywTVLtvRAJTVp8ugsuuGQ5mVqNmJ1cRYeLrSHgP3nycr2RHTJob9OtM0v8ujuoKN0NY1a93J/omeTL1PA=="
    },
    "gl-matrix": {
      "version": "3.1.0",
      "resolved": "https://registry.npmjs.org/gl-matrix/-/gl-matrix-3.1.0.tgz",
      "integrity": "sha512-526NA+3EA+ztAQi0IZpSWiM0fyQXIp7IbRvfJ4wS/TjjQD0uv0fVybXwwqqSOlq33UckivI0yMDlVtboWm3k7A=="
    },
    "hammerjs": {
      "version": "2.0.8",
      "resolved": "https://registry.npmjs.org/hammerjs/-/hammerjs-2.0.8.tgz",
      "integrity": "sha1-BO93hiz/K7edMPdpIJWTAiK/YPE="
    },
    "js-tokens": {
      "version": "4.0.0",
      "resolved": "https://registry.npmjs.org/js-tokens/-/js-tokens-4.0.0.tgz",
      "integrity": "sha512-RdJUflcE3cUzKiMqQgsCu06FPu9UdIJO0beYbPhHN4k6apgJtifcoCtT9bcxOpYBtpD2kCM6Sbzg4CausW/PKQ=="
    },
    "loose-envify": {
      "version": "1.4.0",
      "resolved": "https://registry.npmjs.org/loose-envify/-/loose-envify-1.4.0.tgz",
      "integrity": "sha512-lyuxPGr/Wfhrlem2CL/UcnUc1zcqKAImBDzukY7Y5F/yQiNdko6+fRLevlw1HgMySw7f611UIY408EtxRSoK3Q==",
      "requires": {
        "js-tokens": "^3.0.0 || ^4.0.0"
      }
    },
    "luma.gl": {
      "version": "6.4.3",
      "resolved": "https://registry.npmjs.org/luma.gl/-/luma.gl-6.4.3.tgz",
      "integrity": "sha512-1KrupHSZ9H0+OO9AS1d6WGxIX9u0jQh38tSuoXN9sOt3XYH0nJDzNPes37UPaz0m/7Lj2UKc6sJnTC8+u41nfQ==",
      "requires": {
        "@babel/runtime": "^7.0.0",
        "math.gl": "^2.3.0",
        "probe.gl": "^2.0.1",
        "seer": "^0.2.4",
        "webgl-debug": "^2.0.0"
      }
    },
    "math.gl": {
      "version": "2.3.3",
      "resolved": "https://registry.npmjs.org/math.gl/-/math.gl-2.3.3.tgz",
      "integrity": "sha512-wZhx7574KHUpJVMzkaQ559zfn3R8iB0BOilwNrfL/fOLQfPo2TPWsKX96PdfS4svKA2XIGi3yfizrv2Redcv0g==",
      "requires": {
        "@babel/runtime": "^7.0.0",
        "gl-matrix": "^3.0.0"
      }
    },
    "mjolnir.js": {
      "version": "2.2.1",
      "resolved": "https://registry.npmjs.org/mjolnir.js/-/mjolnir.js-2.2.1.tgz",
      "integrity": "sha512-bUTP/NbwOfdrN4TKMjUcarfGmWU5yN6aHFR1ek7BNuFOwHk4PslUZjKzdOp1jwx2m0uCoRa5lG+x82l8Vii7Ng==",
      "requires": {
        "@babel/runtime": "^7.0.0",
        "hammerjs": "^2.0.8"
      }
    },
    "object-assign": {
      "version": "4.1.1",
      "resolved": "https://registry.npmjs.org/object-assign/-/object-assign-4.1.1.tgz",
      "integrity": "sha1-IQmtx5ZYh8/AXLvUQsrIv7s2CGM="
    },
    "probe.gl": {
      "version": "2.1.0",
      "resolved": "https://registry.npmjs.org/probe.gl/-/probe.gl-2.1.0.tgz",
      "integrity": "sha512-15qr6m/UxJoSatwhDBUnvdPPNfM8j4tHzr7PuXHMVK/sZvc/f4Lo6/4rgHz5iBF5mXRsOtsOGFDsqzAyBQCk+g==",
      "requires": {
        "@babel/runtime": "^7.0.0"
      }
    },
    "prop-types": {
      "version": "15.7.2",
      "resolved": "https://registry.npmjs.org/prop-types/-/prop-types-15.7.2.tgz",
      "integrity": "sha512-8QQikdH7//R2vurIJSutZ1smHYTcLpRWEOlHnzcWHmBYrOGUysKwSsrC89BCiFj3CbrfJ/nXFdJepOVrY1GCHQ==",
      "requires": {
        "loose-envify": "^1.4.0",
        "object-assign": "^4.1.1",
        "react-is": "^16.8.1"
      }
    },
    "react-is": {
      "version": "16.9.0",
      "resolved": "https://registry.npmjs.org/react-is/-/react-is-16.9.0.tgz",
      "integrity": "sha512-tJBzzzIgnnRfEm046qRcURvwQnZVXmuCbscxUO5RWrGTXpon2d4c8mI0D8WE6ydVIm29JiLB6+RslkIvym9Rjw=="
    },
    "regenerator-runtime": {
      "version": "0.13.3",
      "resolved": "https://registry.npmjs.org/regenerator-runtime/-/regenerator-runtime-0.13.3.tgz",
      "integrity": "sha512-naKIZz2GQ8JWh///G7L3X6LaQUAMp2lvb1rvwwsURe/VXwD6VMfr+/1NuNw3ag8v2kY1aQ/go5SNn79O9JU7yw=="
    },
    "seer": {
      "version": "0.2.5",
      "resolved": "https://registry.npmjs.org/seer/-/seer-0.2.5.tgz",
      "integrity": "sha512-//0Zwt0x97KQhIWrp4oq9AVNvGA2ctCx4dmFddpkORjRr6bW+hyC8eOhWBVIhiU3uHv1XLU1dekfFKOi28RGHA=="
    },
    "viewport-mercator-project": {
      "version": "6.1.1",
      "resolved": "https://registry.npmjs.org/viewport-mercator-project/-/viewport-mercator-project-6.1.1.tgz",
      "integrity": "sha512-nI0GEmXnESwZxWSJuaQkdCnvOv6yckUfqqFbNB8KWVbQY3eUExVM4ZziqCVVs5mNznLjDF1auj6HLW5D5DKcng==",
      "requires": {
        "@babel/runtime": "^7.0.0",
        "gl-matrix": "^3.0.0"
      }
    },
    "webgl-debug": {
      "version": "2.0.1",
      "resolved": "https://registry.npmjs.org/webgl-debug/-/webgl-debug-2.0.1.tgz",
      "integrity": "sha512-G7BOpMmqdc31X1nb3eqwVxw/v1MNV/ulgw7Bs+7+a/sn+fC0d0OiMkerA55C6+3BL2vULyJ3kZLPcEL5GbXzhw=="
    }
  }
}
